
Microsoft Visual Studio Solution File, Format Version 12.00
# Visual Studio Version 17
VisualStudioVersion = 17.14.36623.8 d17.14
MinimumVisualStudioVersion = 10.0.40219.1
Project("{FAE04EC0-301F-11D3-BF4B-00C04F79EFBC}") = "Nhom09_QuanLyKaraoke", "Nhom09_QuanLyKaraoke\Nhom09_QuanLyKaraoke.csproj", "{592FE2B6-B6C8-47D1-A5EA-7104335E44CC}"
EndProject
Global
	GlobalSection(SolutionConfigurationPlatforms) = preSolution
		Debug|Any CPU = Debug|Any CPU
		Release|Any CPU = Release|Any CPU
	EndGlobalSection
	GlobalSection(ProjectConfigurationPlatforms) = postSolution
		{592FE2B6-B6C8-47D1-A5EA-7104335E44CC}.Debug|Any CPU.ActiveCfg = Debug|Any CPU
		{592FE2B6-B6C8-47D1-A5EA-7104335E44CC}.Debug|Any CPU.Build.0 = Debug|Any CPU
		{592FE2B6-B6C8-47D1-A5EA-7104335E44CC}.Release|Any CPU.ActiveCfg = Release|Any CPU
		{592FE2B6-B6C8-47D1-A5EA-7104335E44CC}.Release|Any CPU.Build.0 = Release|Any CPU
	EndGlobalSection
	GlobalSection(SolutionProperties) = preSolution
		HideSolutionNode = FALSE
	EndGlobalSection
	GlobalSection(ExtensibilityGlobals) = postSolution
		SolutionGuid = {04EEC098-3352-4E23-9E6A-D2F48831BF16}
	EndGlobalSection
EndGlobal
